lockfileVersion: '9.0'

settings:
  autoInstallPeers: true
  excludeLinksFromLockfile: false

importers:

  .:
    dependencies:
      '@base-web-kits/base-tools-ts':
        specifier: ^1.1.11
        version: 1.1.11(dayjs@1.11.19)

packages:

  '@base-web-kits/base-tools-ts@1.1.11':
    resolution: {integrity: sha512-6aEMR4SBkRB6Qn09mai2vSBcbrbhpNYQX1Rr4jhxHXb4Y1JA7cBkKUzFxnUS56sHCBtx3ZzfGbS84bJK2khXMQ==}
    peerDependencies:
      dayjs: ^1.0.0

  bignumber.js@9.3.1:
    resolution: {integrity: sha512-Ko0uX15oIUS7wJ3Rb30Fs6SkVbLmPBAKdlm7q9+ak9bbIeFf0MwuBsQV6z7+X768/cHsfg+WlysDWJcmthjsjQ==}

  dayjs@1.11.19:
    resolution: {integrity: sha512-t5EcLVS6QPBNqM2z8fakk/NKel+Xzshgt8FFKAn+qwlD1pzZWxh0nVCrvFK7ZDb6XucZeF9z8C7CBWTRIVApAw==}

  es-toolkit@1.44.0:
    resolution: {integrity: sha512-6penXeZalaV88MM3cGkFZZfOoLGWshWWfdy0tWw/RlVVyhvMaWSBTOvXNeiW3e5FwdS5ePW0LGEu17zT139ktg==}

  mitt@3.0.1:
    resolution: {integrity: sha512-vKivATfr97l2/QBCYAkXYDbrIWPM2IIKEl7YPhjCvKlG3kE2gm+uBo6nEXK3M5/Ffh/FLpKExzOQ3JJoJGFKBw==}

snapshots:

  '@base-web-kits/base-tools-ts@1.1.11(dayjs@1.11.19)':
    dependencies:
      bignumber.js: 9.3.1
      dayjs: 1.11.19
      es-toolkit: 1.44.0
      mitt: 3.0.1

  bignumber.js@9.3.1: {}

  dayjs@1.11.19: {}

  es-toolkit@1.44.0: {}

  mitt@3.0.1: {}
